
Microsoft Visual Studio Solution File, Format Version 12.00
# Visual Studio 15
VisualStudioVersion = 15.0.26124.0
MinimumVisualStudioVersion = 15.0.26124.0
Project("{FAE04EC0-301F-11D3-BF4B-00C04F79EFBC}") = "toWatchApp.Web", "toWatchApp.Web\toWatchApp.Web.csproj", "{CF4E3560-D803-4564-AA62-8BBB7898DDCB}"
EndProject
Project("{FAE04EC0-301F-11D3-BF4B-00C04F79EFBC}") = "toWatchApp.Core", "toWatchApp.Core\toWatchApp.Core.csproj", "{01575642-5249-4145-B3EA-0BC612847F30}"
EndProject
Project("{FAE04EC0-301F-11D3-BF4B-00C04F79EFBC}") = "toWatchApp.Infrastructure", "toWatchApp.Infrastructure\toWatchApp.Infrastructure.csproj", "{C13196FA-05D3-4624-80D9-D75FAB63E690}"
EndProject
Project("{FAE04EC0-301F-11D3-BF4B-00C04F79EFBC}") = "toWatchApp.Tests", "toWatchApp.Tests\toWatchApp.Tests.csproj", "{59323AC0-AA35-4650-B2AB-264031FDA505}"
EndProject
Global
	GlobalSection(SolutionConfigurationPlatforms) = preSolution
		Debug|Any CPU = Debug|Any CPU
		Debug|x64 = Debug|x64
		Debug|x86 = Debug|x86
		Release|Any CPU = Release|Any CPU
		Release|x64 = Release|x64
		Release|x86 = Release|x86
	EndGlobalSection
	GlobalSection(SolutionProperties) = preSolution
		HideSolutionNode = FALSE
	EndGlobalSection
	GlobalSection(ProjectConfigurationPlatforms) = postSolution
		{CF4E3560-D803-4564-AA62-8BBB7898DDCB}.Debug|Any CPU.ActiveCfg = Debug|Any CPU
		{CF4E3560-D803-4564-AA62-8BBB7898DDCB}.Debug|Any CPU.Build.0 = Debug|Any CPU
		{CF4E3560-D803-4564-AA62-8BBB7898DDCB}.Debug|x64.ActiveCfg = Debug|Any CPU
		{CF4E3560-D803-4564-AA62-8BBB7898DDCB}.Debug|x64.Build.0 = Debug|Any CPU
		{CF4E3560-D803-4564-AA62-8BBB7898DDCB}.Debug|x86.ActiveCfg = Debug|Any CPU
		{CF4E3560-D803-4564-AA62-8BBB7898DDCB}.Debug|x86.Build.0 = Debug|Any CPU
		{CF4E3560-D803-4564-AA62-8BBB7898DDCB}.Release|Any CPU.ActiveCfg = Release|Any CPU
		{CF4E3560-D803-4564-AA62-8BBB7898DDCB}.Release|Any CPU.Build.0 = Release|Any CPU
		{CF4E3560-D803-4564-AA62-8BBB7898DDCB}.Release|x64.ActiveCfg = Release|Any CPU
		{CF4E3560-D803-4564-AA62-8BBB7898DDCB}.Release|x64.Build.0 = Release|Any CPU
		{CF4E3560-D803-4564-AA62-8BBB7898DDCB}.Release|x86.ActiveCfg = Release|Any CPU
		{CF4E3560-D803-4564-AA62-8BBB7898DDCB}.Release|x86.Build.0 = Release|Any CPU
		{01575642-5249-4145-B3EA-0BC612847F30}.Debug|Any CPU.ActiveCfg = Debug|Any CPU
		{01575642-5249-4145-B3EA-0BC612847F30}.Debug|Any CPU.Build.0 = Debug|Any CPU
		{01575642-5249-4145-B3EA-0BC612847F30}.Debug|x64.ActiveCfg = Debug|Any CPU
		{01575642-5249-4145-B3EA-0BC612847F30}.Debug|x64.Build.0 = Debug|Any CPU
		{01575642-5249-4145-B3EA-0BC612847F30}.Debug|x86.ActiveCfg = Debug|Any CPU
		{01575642-5249-4145-B3EA-0BC612847F30}.Debug|x86.Build.0 = Debug|Any CPU
		{01575642-5249-4145-B3EA-0BC612847F30}.Release|Any CPU.ActiveCfg = Release|Any CPU
		{01575642-5249-4145-B3EA-0BC612847F30}.Release|Any CPU.Build.0 = Release|Any CPU
		{01575642-5249-4145-B3EA-0BC612847F30}.Release|x64.ActiveCfg = Release|Any CPU
		{01575642-5249-4145-B3EA-0BC612847F30}.Release|x64.Build.0 = Release|Any CPU
		{01575642-5249-4145-B3EA-0BC612847F30}.Release|x86.ActiveCfg = Release|Any CPU
		{01575642-5249-4145-B3EA-0BC612847F30}.Release|x86.Build.0 = Release|Any CPU
		{C13196FA-05D3-4624-80D9-D75FAB63E690}.Debug|Any CPU.ActiveCfg = Debug|Any CPU
		{C13196FA-05D3-4624-80D9-D75FAB63E690}.Debug|Any CPU.Build.0 = Debug|Any CPU
		{C13196FA-05D3-4624-80D9-D75FAB63E690}.Debug|x64.ActiveCfg = Debug|Any CPU
		{C13196FA-05D3-4624-80D9-D75FAB63E690}.Debug|x64.Build.0 = Debug|Any CPU
		{C13196FA-05D3-4624-80D9-D75FAB63E690}.Debug|x86.ActiveCfg = Debug|Any CPU
		{C13196FA-05D3-4624-80D9-D75FAB63E690}.Debug|x86.Build.0 = Debug|Any CPU
		{C13196FA-05D3-4624-80D9-D75FAB63E690}.Release|Any CPU.ActiveCfg = Release|Any CPU
		{C13196FA-05D3-4624-80D9-D75FAB63E690}.Release|Any CPU.Build.0 = Release|Any CPU
		{C13196FA-05D3-4624-80D9-D75FAB63E690}.Release|x64.ActiveCfg = Release|Any CPU
		{C13196FA-05D3-4624-80D9-D75FAB63E690}.Release|x64.Build.0 = Release|Any CPU
		{C13196FA-05D3-4624-80D9-D75FAB63E690}.Release|x86.ActiveCfg = Release|Any CPU
		{C13196FA-05D3-4624-80D9-D75FAB63E690}.Release|x86.Build.0 = Release|Any CPU
		{59323AC0-AA35-4650-B2AB-264031FDA505}.Debug|Any CPU.ActiveCfg = Debug|Any CPU
		{59323AC0-AA35-4650-B2AB-264031FDA505}.Debug|Any CPU.Build.0 = Debug|Any CPU
		{59323AC0-AA35-4650-B2AB-264031FDA505}.Debug|x64.ActiveCfg = Debug|Any CPU
		{59323AC0-AA35-4650-B2AB-264031FDA505}.Debug|x64.Build.0 = Debug|Any CPU
		{59323AC0-AA35-4650-B2AB-264031FDA505}.Debug|x86.ActiveCfg = Debug|Any CPU
		{59323AC0-AA35-4650-B2AB-264031FDA505}.Debug|x86.Build.0 = Debug|Any CPU
		{59323AC0-AA35-4650-B2AB-264031FDA505}.Release|Any CPU.ActiveCfg = Release|Any CPU
		{59323AC0-AA35-4650-B2AB-264031FDA505}.Release|Any CPU.Build.0 = Release|Any CPU
		{59323AC0-AA35-4650-B2AB-264031FDA505}.Release|x64.ActiveCfg = Release|Any CPU
		{59323AC0-AA35-4650-B2AB-264031FDA505}.Release|x64.Build.0 = Release|Any CPU
		{59323AC0-AA35-4650-B2AB-264031FDA505}.Release|x86.ActiveCfg = Release|Any CPU
		{59323AC0-AA35-4650-B2AB-264031FDA505}.Release|x86.Build.0 = Release|Any CPU
	EndGlobalSection
EndGlobal
